// !$*UTF8*$!
{
	archiveVersion = 1;
	classes = {
	};
	objectVersion = 46;
	objects = {

/* Begin PBXBuildFile section */
		732E45711C18022B0066B172 /* main.m in Sources */ = {isa = PBXBuildFile; fileRef = 732E45701C18022B0066B172 /* main.m */; };
		732E45741C18022B0066B172 /* AppDelegate.m in Sources */ = {isa = PBXBuildFile; fileRef = 732E45731C18022B0066B172 /* AppDelegate.m */; };
		732E45771C18022B0066B172 /* ViewController.m in Sources */ = {isa = PBXBuildFile; fileRef = 732E45761C18022B0066B172 /* ViewController.m */; };
		732E457A1C18022B0066B172 /* Main.storyboard in Resources */ = {isa = PBXBuildFile; fileRef = 732E45781C18022B0066B172 /* Main.storyboard */; };
		732E457C1C18022B0066B172 /* Assets.xcassets in Resources */ = {isa = PBXBuildFile; fileRef = 732E457B1C18022B0066B172 /* Assets.xcassets */; };
		732E457F1C18022B0066B172 /* LaunchScreen.storyboard in Resources */ = {isa = PBXBuildFile; fileRef = 732E457D1C18022B0066B172 /* LaunchScreen.storyboard */; };
		732E45891C18027B0066B172 /* PayUPaymentOptionViewController.m in Sources */ = {isa = PBXBuildFile; fileRef = 732E45871C18027B0066B172 /* PayUPaymentOptionViewController.m */; settings = {ASSET_TAGS = (); }; };
		732E458A1C18027B0066B172 /* PayUPaymentOptionViewController.xib in Resources */ = {isa = PBXBuildFile; fileRef = 732E45881C18027B0066B172 /* PayUPaymentOptionViewController.xib */; settings = {ASSET_TAGS = (); }; };
		732E458E1C1807030066B172 /* PaymentViewController.m in Sources */ = {isa = PBXBuildFile; fileRef = 732E458C1C1807030066B172 /* PaymentViewController.m */; settings = {ASSET_TAGS = (); }; };
		732E458F1C1807030066B172 /* PaymentViewController.xib in Resources */ = {isa = PBXBuildFile; fileRef = 732E458D1C1807030066B172 /* PaymentViewController.xib */; settings = {ASSET_TAGS = (); }; };
/* End PBXBuildFile section */

/* Begin PBXFileReference section */
		732E456C1C18022B0066B172 /* PageViewController.app */ = {isa = PBXFileReference; explicitFileType = wrapper.application; includeInIndex = 0; path = PageViewController.app; sourceTree = BUILT_PRODUCTS_DIR; };
		732E45701C18022B0066B172 /* main.m */ = {isa = PBXFileReference; lastKnownFileType = sourcecode.c.objc; path = main.m; sourceTree = "<group>"; };
		732E45721C18022B0066B172 /* AppDelegate.h */ = {isa = PBXFileReference; lastKnownFileType = sourcecode.c.h; path = AppDelegate.h; sourceTree = "<group>"; };
		732E45731C18022B0066B172 /* AppDelegate.m */ = {isa = PBXFileReference; lastKnownFileType = sourcecode.c.objc; path = AppDelegate.m; sourceTree = "<group>"; };
		732E45751C18022B0066B172 /* ViewController.h */ = {isa = PBXFileReference; lastKnownFileType = sourcecode.c.h; path = ViewController.h; sourceTree = "<group>"; };
		732E45761C18022B0066B172 /* ViewController.m */ = {isa = PBXFileReference; lastKnownFileType = sourcecode.c.objc; path = ViewController.m; sourceTree = "<group>"; };
		732E45791C18022B0066B172 /* Base */ = {isa = PBXFileReference; lastKnownFileType = file.storyboard; name = Base; path = Base.lproj/Main.storyboard; sourceTree = "<group>"; };
		732E457B1C18022B0066B172 /* Assets.xcassets */ = {isa = PBXFileReference; lastKnownFileType = folder.assetcatalog; path = Assets.xcassets; sourceTree = "<group>"; };
		732E457E1C18022B0066B172 /* Base */ = {isa = PBXFileReference; lastKnownFileType = file.storyboard; name = Base; path = Base.lproj/LaunchScreen.storyboard; sourceTree = "<group>"; };
		732E45801C18022B0066B172 /* Info.plist */ = {isa = PBXFileReference; lastKnownFileType = text.plist.xml; path = Info.plist; sourceTree = "<group>"; };
		732E45861C18027B0066B172 /* PayUPaymentOptionViewController.h */ = {isa = PBXFileReference; fileEncoding = 4; lastKnownFileType = sourcecode.c.h; path = PayUPaymentOptionViewController.h; sourceTree = "<group>"; };
		732E45871C18027B0066B172 /* PayUPaymentOptionViewController.m */ = {isa = PBXFileReference; fileEncoding = 4; lastKnownFileType = sourcecode.c.objc; path = PayUPaymentOptionViewController.m; sourceTree = "<group>"; };
		732E45881C18027B0066B172 /* PayUPaymentOptionViewController.xib */ = {isa = PBXFileReference; fileEncoding = 4; lastKnownFileType = file.xib; path = PayUPaymentOptionViewController.xib; sourceTree = "<group>"; };
		732E458B1C1807030066B172 /* PaymentViewController.h */ = {isa = PBXFileReference; fileEncoding = 4; lastKnownFileType = sourcecode.c.h; path = PaymentViewController.h; sourceTree = "<group>"; };
		732E458C1C1807030066B172 /* PaymentViewController.m */ = {isa = PBXFileReference; fileEncoding = 4; lastKnownFileType = sourcecode.c.objc; path = PaymentViewController.m; sourceTree = "<group>"; };
		732E458D1C1807030066B172 /* PaymentViewController.xib */ = {isa = PBXFileReference; fileEncoding = 4; lastKnownFileType = file.xib; path = PaymentViewController.xib; sourceTree = "<group>"; };
/* End PBXFileReference section */

/* Begin PBXFrameworksBuildPhase section */
		732E45691C18022B0066B172 /* Frameworks */ = {
			isa = PBXFrameworksBuildPhase;
			buildActionMask = 2147483647;
			files = (
			);
			runOnlyForDeploymentPostprocessing = 0;
		};
/* End PBXFrameworksBuildPhase section */

/* Begin PBXGroup section */
		732E45631C18022B0066B172 = {
			isa = PBXGroup;
			children = (
				732E456E1C18022B0066B172 /* PageViewController */,
				732E456D1C18022B0066B172 /* Products */,
			);
			sourceTree = "<group>";
		};
		732E456D1C18022B0066B172 /* Products */ = {
			isa = PBXGroup;
			children = (
				732E456C1C18022B0066B172 /* PageViewController.app */,
			);
			name = Products;
			sourceTree = "<group>";
		};
		732E456E1C18022B0066B172 /* PageViewController */ = {
			isa = PBXGroup;
			children = (
				732E45721C18022B0066B172 /* AppDelegate.h */,
				732E45731C18022B0066B172 /* AppDelegate.m */,
				732E45751C18022B0066B172 /* ViewController.h */,
				732E45761C18022B0066B172 /* ViewController.m */,
				732E458B1C1807030066B172 /* PaymentViewController.h */,
				732E458C1C1807030066B172 /* PaymentViewController.m */,
				732E458D1C1807030066B172 /* PaymentViewController.xib */,
				732E45861C18027B0066B172 /* PayUPaymentOptionViewController.h */,
				732E45871C18027B0066B172 /* PayUPaymentOptionViewController.m */,
				732E45881C18027B0066B172 /* PayUPaymentOptionViewController.xib */,
				732E45781C18022B0066B172 /* Main.storyboard */,
				732E457B1C18022B0066B172 /* Assets.xcassets */,
				732E457D1C18022B0066B172 /* LaunchScreen.storyboard */,
				732E45801C18022B0066B172 /* Info.plist */,
				732E456F1C18022B0066B172 /* Supporting Files */,
			);
			path = PageViewController;
			sourceTree = "<group>";
		};
		732E456F1C18022B0066B172 /* Supporting Files */ = {
			isa = PBXGroup;
			children = (
				732E45701C18022B0066B172 /* main.m */,
			);
			name = "Supporting Files";
			sourceTree = "<group>";
		};
/* End PBXGroup section */

/* Begin PBXNativeTarget section */
		732E456B1C18022B0066B172 /* PageViewController */ = {
			isa = PBXNativeTarget;
			buildConfigurationList = 732E45831C18022B0066B172 /* Build configuration list for PBXNativeTarget "PageViewController" */;
			buildPhases = (
				732E45681C18022B0066B172 /* Sources */,
				732E45691C18022B0066B172 /* Frameworks */,
				732E456A1C18022B0066B172 /* Resources */,
			);
			buildRules = (
			);
			dependencies = (
			);
			name = PageViewController;
			productName = PageViewController;
			productReference = 732E456C1C18022B0066B172 /* PageViewController.app */;
			productType = "com.apple.product-type.application";
		};
/* End PBXNativeTarget section */

/* Begin PBXProject section */
		732E45641C18022B0066B172 /* Project object */ = {
			isa = PBXProject;
			attributes = {
				LastUpgradeCheck = 0700;
				ORGANIZATIONNAME = PayU;
				TargetAttributes = {
					732E456B1C18022B0066B172 = {
						CreatedOnToolsVersion = 7.0.1;
					};
				};
			};
			buildConfigurationList = 732E45671C18022B0066B172 /* Build configuration list for PBXProject "PageViewController" */;
			compatibilityVersion = "Xcode 3.2";
			developmentRegion = English;
			hasScannedForEncodings = 0;
			knownRegions = (
				en,
				Base,
			);
			mainGroup = 732E45631C18022B0066B172;
			productRefGroup = 732E456D1C18022B0066B172 /* Products */;
			projectDirPath = "";
			projectRoot = "";
			targets = (
				732E456B1C18022B0066B172 /* PageViewController */,
			);
		};
/* End PBXProject section */

/* Begin PBXResourcesBuildPhase section */
		732E456A1C18022B0066B172 /* Resources */ = {
			isa = PBXResourcesBuildPhase;
			buildActionMask = 2147483647;
			files = (
				732E457F1C18022B0066B172 /* LaunchScreen.storyboard in Resources */,
				732E458A1C18027B0066B172 /* PayUPaymentOptionViewController.xib in Resources */,
				732E457C1C18022B0066B172 /* Assets.xcassets in Resources */,
				732E458F1C1807030066B172 /* PaymentViewController.xib in Resources */,
				732E457A1C18022B0066B172 /* Main.storyboard in Resources */,
			);
			runOnlyForDeploymentPostprocessing = 0;
		};
/* End PBXResourcesBuildPhase section */

/* Begin PBXSourcesBuildPhase section */
		732E45681C18022B0066B172 /* Sources */ = {
			isa = PBXSourcesBuildPhase;
			buildActionMask = 2147483647;
			files = (
				732E45771C18022B0066B172 /* ViewController.m in Sources */,
				732E45741C18022B0066B172 /* AppDelegate.m in Sources */,
				732E45711C18022B0066B172 /* main.m in Sources */,
				732E458E1C1807030066B172 /* PaymentViewController.m in Sources */,
				732E45891C18027B0066B172 /* PayUPaymentOptionViewController.m in Sources */,
			);
			runOnlyForDeploymentPostprocessing = 0;
		};
/* End PBXSourcesBuildPhase section */

/* Begin PBXVariantGroup section */
		732E45781C18022B0066B172 /* Main.storyboard */ = {
			isa = PBXVariantGroup;
			children = (
				732E45791C18022B0066B172 /* Base */,
			);
			name = Main.storyboard;
			sourceTree = "<group>";
		};
		732E457D1C18022B0066B172 /* LaunchScreen.storyboard */ = {
			isa = PBXVariantGroup;
			children = (
				732E457E1C18022B0066B172 /* Base */,
			);
			name = LaunchScreen.storyboard;
			sourceTree = "<group>";
		};
/* End PBXVariantGroup section */

/* Begin XCBuildConfiguration section */
		732E45811C18022B0066B172 /* Debug */ = {
			isa = XCBuildConfiguration;
			buildSettings = {
				ALWAYS_SEARCH_USER_PATHS = NO;
				CLANG_CXX_LANGUAGE_STANDARD = "gnu++0x";
				CLANG_CXX_LIBRARY = "libc++";
				CLANG_ENABLE_MODULES = YES;
				CLANG_ENABLE_OBJC_ARC = YES;
				CLANG_WARN_BOOL_CONVERSION = YES;
				CLANG_WARN_CONSTANT_CONVERSION = YES;
				CLANG_WARN_DIRECT_OBJC_ISA_USAGE = YES_ERROR;
				CLANG_WARN_EMPTY_BODY = YES;
				CLANG_WARN_ENUM_CONVERSION = YES;
				CLANG_WARN_INT_CONVERSION = YES;
				CLANG_WARN_OBJC_ROOT_CLASS = YES_ERROR;
				CLANG_WARN_UNREACHABLE_CODE = YES;
				CLANG_WARN__DUPLICATE_METHOD_MATCH = YES;
				"CODE_SIGN_IDENTITY[sdk=iphoneos*]" = "iPhone Developer";
				COPY_PHASE_STRIP = NO;
				DEBUG_INFORMATION_FORMAT = dwarf;
				ENABLE_STRICT_OBJC_MSGSEND = YES;
				ENABLE_TESTABILITY = YES;
				GCC_C_LANGUAGE_STANDARD = gnu99;
				GCC_DYNAMIC_NO_PIC = NO;
				GCC_NO_COMMON_BLOCKS = YES;
				GCC_OPTIMIZATION_LEVEL = 0;
				GCC_PREPROCESSOR_DEFINITIONS = (
					"DEBUG=1",
					"$(inherited)",
				);
				GCC_WARN_64_TO_32_BIT_CONVERSION = YES;
				GCC_WARN_ABOUT_RETURN_TYPE = YES_ERROR;
				GCC_WARN_UNDECLARED_SELECTOR = YES;
				GCC_WARN_UNINITIALIZED_AUTOS = YES_AGGRESSIVE;
				GCC_WARN_UNUSED_FUNCTION = YES;
				GCC_WARN_UNUSED_VARIABLE = YES;
				IPHONEOS_DEPLOYMENT_TARGET = 9.0;
				MTL_ENABLE_DEBUG_INFO = YES;
				ONLY_ACTIVE_ARCH = YES;
				SDKROOT = iphoneos;
				TARGETED_DEVICE_FAMILY = "1,2";
			};
			name = Debug;
		};
		732E45821C18022B0066B172 /* Release */ = {
			isa = XCBuildConfiguration;
			buildSettings = {
				ALWAYS_SEARCH_USER_PATHS = NO;
				CLANG_CXX_LANGUAGE_STANDARD = "gnu++0x";
				CLANG_CXX_LIBRARY = "libc++";
				CLANG_ENABLE_MODULES = YES;
				CLANG_ENABLE_OBJC_ARC = YES;
				CLANG_WARN_BOOL_CONVERSION = YES;
				CLANG_WARN_CONSTANT_CONVERSION = YES;
				CLANG_WARN_DIRECT_OBJC_ISA_USAGE = YES_ERROR;
				CLANG_WARN_EMPTY_BODY = YES;
				CLANG_WARN_ENUM_CONVERSION = YES;
				CLANG_WARN_INT_CONVERSION = YES;
				CLANG_WARN_OBJC_ROOT_CLASS = YES_ERROR;
				CLANG_WARN_UNREACHABLE_CODE = YES;
				CLANG_WARN__DUPLICATE_METHOD_MATCH = YES;
				"CODE_SIGN_IDENTITY[sdk=iphoneos*]" = "iPhone Developer";
				COPY_PHASE_STRIP = NO;
				DEBUG_INFORMATION_FORMAT = "dwarf-with-dsym";
				ENABLE_NS_ASSERTIONS = NO;
				ENABLE_STRICT_OBJC_MSGSEND = YES;
				GCC_C_LANGUAGE_STANDARD = gnu99;
				GCC_NO_COMMON_BLOCKS = YES;
				GCC_WARN_64_TO_32_BIT_CONVERSION = YES;
				GCC_WARN_ABOUT_RETURN_TYPE = YES_ERROR;
				GCC_WARN_UNDECLARED_SELECTOR = YES;
				GCC_WARN_UNINITIALIZED_AUTOS = YES_AGGRESSIVE;
				GCC_WARN_UNUSED_FUNCTION = YES;
				GCC_WARN_UNUSED_VARIABLE = YES;
				IPHONEOS_DEPLOYMENT_TARGET = 9.0;
				MTL_ENABLE_DEBUG_INFO = NO;
				SDKROOT = iphoneos;
				TARGETED_DEVICE_FAMILY = "1,2";
				VALIDATE_PRODUCT = YES;
			};
			name = Release;
		};
		732E45841C18022B0066B172 /* Debug */ = {
			isa = XCBuildConfiguration;
			buildSettings = {
				ASSETCATALOG_COMPILER_APPICON_NAME = AppIcon;
				INFOPLIST_FILE = PageViewController/Info.plist;
				LD_RUNPATH_SEARCH_PATHS = "$(inherited) @executable_path/Frameworks";
				PRODUCT_BUNDLE_IDENTIFIER = com.PageViewController;
				PRODUCT_NAME = "$(TARGET_NAME)";
			};
			name = Debug;
		};
		732E45851C18022B0066B172 /* Release */ = {
			isa = XCBuildConfiguration;
			buildSettings = {
				ASSETCATALOG_COMPILER_APPICON_NAME = AppIcon;
				INFOPLIST_FILE = PageViewController/Info.plist;
				LD_RUNPATH_SEARCH_PATHS = "$(inherited) @executable_path/Frameworks";
				PRODUCT_BUNDLE_IDENTIFIER = com.PageViewController;
				PRODUCT_NAME = "$(TARGET_NAME)";
			};
			name = Release;
		};
/* End XCBuildConfiguration section */

/* Begin XCConfigurationList section */
		732E45671C18022B0066B172 /* Build configuration list for PBXProject "PageViewController" */ = {
			isa = XCConfigurationList;
			buildConfigurations = (
				732E45811C18022B0066B172 /* Debug */,
				732E45821C18022B0066B172 /* Release */,
			);
			defaultConfigurationIsVisible = 0;
			defaultConfigurationName = Release;
		};
		732E45831C18022B0066B172 /* Build configuration list for PBXNativeTarget "PageViewController" */ = {
			isa = XCConfigurationList;
			buildConfigurations = (
				732E45841C18022B0066B172 /* Debug */,
				732E45851C18022B0066B172 /* Release */,
			);
			defaultConfigurationIsVisible = 0;
		};
/* End XCConfigurationList section */
	};
	rootObject = 732E45641C18022B0066B172 /* Project object */;
}
